// !$*UTF8*$!
{
	archiveVersion = 1;
	classes = {
	};
	objectVersion = 46;
	objects = {

/* Begin PBXBuildFile section */
		D517786A15C526DA002266B1 /* UIKit.framework in Frameworks */ = {isa = PBXBuildFile; fileRef = D517786915C526DA002266B1 /* UIKit.framework */; };
		D517786C15C526DA002266B1 /* Foundation.framework in Frameworks */ = {isa = PBXBuildFile; fileRef = D517786B15C526DA002266B1 /* Foundation.framework */; };
		D517786E15C526DA002266B1 /* CoreGraphics.framework in Frameworks */ = {isa = PBXBuildFile; fileRef = D517786D15C526DA002266B1 /* CoreGraphics.framework */; };
		D517787415C526DA002266B1 /* InfoPlist.strings in Resources */ = {isa = PBXBuildFile; fileRef = D517787215C526DA002266B1 /* InfoPlist.strings */; };
		D517787615C526DA002266B1 /* main.m in Sources */ = {isa = PBXBuildFile; fileRef = D517787515C526DA002266B1 /* main.m */; };
		D517787A15C526DA002266B1 /* RbFlickrAppDelegate.m in Sources */ = {isa = PBXBuildFile; fileRef = D517787915C526DA002266B1 /* RbFlickrAppDelegate.m */; };
		D517787D15C526DA002266B1 /* MainStoryboard_iPhone.storyboard in Resources */ = {isa = PBXBuildFile; fileRef = D517787B15C526DA002266B1 /* MainStoryboard_iPhone.storyboard */; };
		D517788015C526DA002266B1 /* MainStoryboard_iPad.storyboard in Resources */ = {isa = PBXBuildFile; fileRef = D517787E15C526DA002266B1 /* MainStoryboard_iPad.storyboard */; };
		D517788515C526DA002266B1 /* first.png in Resources */ = {isa = PBXBuildFile; fileRef = D517788415C526DA002266B1 /* first.png */; };
		D517788715C526DA002266B1 /* first@2x.png in Resources */ = {isa = PBXBuildFile; fileRef = D517788615C526DA002266B1 /* first@2x.png */; };
		D517788C15C526DA002266B1 /* second.png in Resources */ = {isa = PBXBuildFile; fileRef = D517788B15C526DA002266B1 /* second.png */; };
		D517788E15C526DA002266B1 /* second@2x.png in Resources */ = {isa = PBXBuildFile; fileRef = D517788D15C526DA002266B1 /* second@2x.png */; };
		D517789615C526DB002266B1 /* SenTestingKit.framework in Frameworks */ = {isa = PBXBuildFile; fileRef = D517789515C526DB002266B1 /* SenTestingKit.framework */; };
		D517789715C526DB002266B1 /* UIKit.framework in Frameworks */ = {isa = PBXBuildFile; fileRef = D517786915C526DA002266B1 /* UIKit.framework */; };
		D517789815C526DB002266B1 /* Foundation.framework in Frameworks */ = {isa = PBXBuildFile; fileRef = D517786B15C526DA002266B1 /* Foundation.framework */; };
		D51778A015C526DB002266B1 /* InfoPlist.strings in Resources */ = {isa = PBXBuildFile; fileRef = D517789E15C526DB002266B1 /* InfoPlist.strings */; };
		D51778A315C526DB002266B1 /* CS193PFlickrTopPlacesTests.m in Sources */ = {isa = PBXBuildFile; fileRef = D51778A215C526DB002266B1 /* CS193PFlickrTopPlacesTests.m */; };
		D51778B015C52791002266B1 /* FlickrFetcher.m in Sources */ = {isa = PBXBuildFile; fileRef = D51778AF15C52791002266B1 /* FlickrFetcher.m */; };
		D51778B315C52B09002266B1 /* RbFlickrTopPlacesTVC.m in Sources */ = {isa = PBXBuildFile; fileRef = D51778B215C52B09002266B1 /* RbFlickrTopPlacesTVC.m */; };
		D51778B615C52C1A002266B1 /* RbFlickrRecentPhotosTVC.m in Sources */ = {isa = PBXBuildFile; fileRef = D51778B515C52C1A002266B1 /* RbFlickrRecentPhotosTVC.m */; };
/* End PBXBuildFile section */

/* Begin PBXContainerItemProxy section */
		D517789915C526DB002266B1 /* PBXContainerItemProxy */ = {
			isa = PBXContainerItemProxy;
			containerPortal = D517785C15C526DA002266B1 /* Project object */;
			proxyType = 1;
			remoteGlobalIDString = D517786415C526DA002266B1;
			remoteInfo = CS193PFlickrTopPlaces;
		};
/* End PBXContainerItemProxy section */

/* Begin PBXFileReference section */
		D517786515C526DA002266B1 /* CS193PFlickrTopPlaces.app */ = {isa = PBXFileReference; explicitFileType = wrapper.application; includeInIndex = 0; path = CS193PFlickrTopPlaces.app; sourceTree = BUILT_PRODUCTS_DIR; };
		D517786915C526DA002266B1 /* UIKit.framework */ = {isa = PBXFileReference; lastKnownFileType = wrapper.framework; name = UIKit.framework; path = System/Library/Frameworks/UIKit.framework; sourceTree = SDKROOT; };
		D517786B15C526DA002266B1 /* Foundation.framework */ = {isa = PBXFileReference; lastKnownFileType = wrapper.framework; name = Foundation.framework; path = System/Library/Frameworks/Foundation.framework; sourceTree = SDKROOT; };
		D517786D15C526DA002266B1 /* CoreGraphics.framework */ = {isa = PBXFileReference; lastKnownFileType = wrapper.framework; name = CoreGraphics.framework; path = System/Library/Frameworks/CoreGraphics.framework; sourceTree = SDKROOT; };
		D517787115C526DA002266B1 /* CS193PFlickrTopPlaces-Info.plist */ = {isa = PBXFileReference; lastKnownFileType = text.plist.xml; path = "CS193PFlickrTopPlaces-Info.plist"; sourceTree = "<group>"; };
		D517787315C526DA002266B1 /* en */ = {isa = PBXFileReference; lastKnownFileType = text.plist.strings; name = en; path = en.lproj/InfoPlist.strings; sourceTree = "<group>"; };
		D517787515C526DA002266B1 /* main.m */ = {isa = PBXFileReference; lastKnownFileType = sourcecode.c.objc; path = main.m; sourceTree = "<group>"; };
		D517787715C526DA002266B1 /* CS193PFlickrTopPlaces-Prefix.pch */ = {isa = PBXFileReference; lastKnownFileType = sourcecode.c.h; path = "CS193PFlickrTopPlaces-Prefix.pch"; sourceTree = "<group>"; };
		D517787815C526DA002266B1 /* RbFlickrAppDelegate.h */ = {isa = PBXFileReference; lastKnownFileType = sourcecode.c.h; path = RbFlickrAppDelegate.h; sourceTree = "<group>"; };
		D517787915C526DA002266B1 /* RbFlickrAppDelegate.m */ = {isa = PBXFileReference; lastKnownFileType = sourcecode.c.objc; path = RbFlickrAppDelegate.m; sourceTree = "<group>"; };
		D517787C15C526DA002266B1 /* en */ = {isa = PBXFileReference; lastKnownFileType = file.storyboard; name = en; path = en.lproj/MainStoryboard_iPhone.storyboard; sourceTree = "<group>"; };
		D517787F15C526DA002266B1 /* en */ = {isa = PBXFileReference; lastKnownFileType = file.storyboard; name = en; path = en.lproj/MainStoryboard_iPad.storyboard; sourceTree = "<group>"; };
		D517788415C526DA002266B1 /* first.png */ = {isa = PBXFileReference; lastKnownFileType = image.png; path = first.png; sourceTree = "<group>"; };
		D517788615C526DA002266B1 /* first@2x.png */ = {isa = PBXFileReference; lastKnownFileType = image.png; path = "first@2x.png"; sourceTree = "<group>"; };
		D517788B15C526DA002266B1 /* second.png */ = {isa = PBXFileReference; lastKnownFileType = image.png; path = second.png; sourceTree = "<group>"; };
		D517788D15C526DA002266B1 /* second@2x.png */ = {isa = PBXFileReference; lastKnownFileType = image.png; path = "second@2x.png"; sourceTree = "<group>"; };
		D517789415C526DB002266B1 /* CS193PFlickrTopPlacesTests.octest */ = {isa = PBXFileReference; explicitFileType = wrapper.cfbundle; includeInIndex = 0; path = CS193PFlickrTopPlacesTests.octest; sourceTree = BUILT_PRODUCTS_DIR; };
		D517789515C526DB002266B1 /* SenTestingKit.framework */ = {isa = PBXFileReference; lastKnownFileType = wrapper.framework; name = SenTestingKit.framework; path = Library/Frameworks/SenTestingKit.framework; sourceTree = DEVELOPER_DIR; };
		D517789D15C526DB002266B1 /* CS193PFlickrTopPlacesTests-Info.plist */ = {isa = PBXFileReference; lastKnownFileType = text.plist.xml; path = "CS193PFlickrTopPlacesTests-Info.plist"; sourceTree = "<group>"; };
		D517789F15C526DB002266B1 /* en */ = {isa = PBXFileReference; lastKnownFileType = text.plist.strings; name = en; path = en.lproj/InfoPlist.strings; sourceTree = "<group>"; };
		D51778A115C526DB002266B1 /* CS193PFlickrTopPlacesTests.h */ = {isa = PBXFileReference; lastKnownFileType = sourcecode.c.h; path = CS193PFlickrTopPlacesTests.h; sourceTree = "<group>"; };
		D51778A215C526DB002266B1 /* CS193PFlickrTopPlacesTests.m */ = {isa = PBXFileReference; lastKnownFileType = sourcecode.c.objc; path = CS193PFlickrTopPlacesTests.m; sourceTree = "<group>"; };
		D51778AD15C52791002266B1 /* FlickrAPIKey.h */ = {isa = PBXFileReference; fileEncoding = 4; lastKnownFileType = sourcecode.c.h; path = FlickrAPIKey.h; sourceTree = "<group>"; };
		D51778AE15C52791002266B1 /* FlickrFetcher.h */ = {isa = PBXFileReference; fileEncoding = 4; lastKnownFileType = sourcecode.c.h; path = FlickrFetcher.h; sourceTree = "<group>"; };
		D51778AF15C52791002266B1 /* FlickrFetcher.m */ = {isa = PBXFileReference; fileEncoding = 4; lastKnownFileType = sourcecode.c.objc; path = FlickrFetcher.m; sourceTree = "<group>"; };
		D51778B115C52B09002266B1 /* RbFlickrTopPlacesTVC.h */ = {isa = PBXFileReference; fileEncoding = 4; lastKnownFileType = sourcecode.c.h; path = RbFlickrTopPlacesTVC.h; sourceTree = "<group>"; };
		D51778B215C52B09002266B1 /* RbFlickrTopPlacesTVC.m */ = {isa = PBXFileReference; fileEncoding = 4; lastKnownFileType = sourcecode.c.objc; path = RbFlickrTopPlacesTVC.m; sourceTree = "<group>"; };
		D51778B415C52C1A002266B1 /* RbFlickrRecentPhotosTVC.h */ = {isa = PBXFileReference; fileEncoding = 4; lastKnownFileType = sourcecode.c.h; path = RbFlickrRecentPhotosTVC.h; sourceTree = "<group>"; };
		D51778B515C52C1A002266B1 /* RbFlickrRecentPhotosTVC.m */ = {isa = PBXFileReference; fileEncoding = 4; lastKnownFileType = sourcecode.c.objc; path = RbFlickrRecentPhotosTVC.m; sourceTree = "<group>"; };
/* End PBXFileReference section */

/* Begin PBXFrameworksBuildPhase section */
		D517786215C526DA002266B1 /* Frameworks */ = {
			isa = PBXFrameworksBuildPhase;
			buildActionMask = 2147483647;
			files = (
				D517786A15C526DA002266B1 /* UIKit.framework in Frameworks */,
				D517786C15C526DA002266B1 /* Foundation.framework in Frameworks */,
				D517786E15C526DA002266B1 /* CoreGraphics.framework in Frameworks */,
			);
			runOnlyForDeploymentPostprocessing = 0;
		};
		D517789015C526DB002266B1 /* Frameworks */ = {
			isa = PBXFrameworksBuildPhase;
			buildActionMask = 2147483647;
			files = (
				D517789615C526DB002266B1 /* SenTestingKit.framework in Frameworks */,
				D517789715C526DB002266B1 /* UIKit.framework in Frameworks */,
				D517789815C526DB002266B1 /* Foundation.framework in Frameworks */,
			);
			runOnlyForDeploymentPostprocessing = 0;
		};
/* End PBXFrameworksBuildPhase section */

/* Begin PBXGroup section */
		D517785A15C526DA002266B1 = {
			isa = PBXGroup;
			children = (
				D517786F15C526DA002266B1 /* CS193PFlickrTopPlaces */,
				D517789B15C526DB002266B1 /* CS193PFlickrTopPlacesTests */,
				D517786815C526DA002266B1 /* Frameworks */,
				D517786615C526DA002266B1 /* Products */,
			);
			sourceTree = "<group>";
		};
		D517786615C526DA002266B1 /* Products */ = {
			isa = PBXGroup;
			children = (
				D517786515C526DA002266B1 /* CS193PFlickrTopPlaces.app */,
				D517789415C526DB002266B1 /* CS193PFlickrTopPlacesTests.octest */,
			);
			name = Products;
			sourceTree = "<group>";
		};
		D517786815C526DA002266B1 /* Frameworks */ = {
			isa = PBXGroup;
			children = (
				D517786915C526DA002266B1 /* UIKit.framework */,
				D517786B15C526DA002266B1 /* Foundation.framework */,
				D517786D15C526DA002266B1 /* CoreGraphics.framework */,
				D517789515C526DB002266B1 /* SenTestingKit.framework */,
			);
			name = Frameworks;
			sourceTree = "<group>";
		};
		D517786F15C526DA002266B1 /* CS193PFlickrTopPlaces */ = {
			isa = PBXGroup;
			children = (
				D51778B415C52C1A002266B1 /* RbFlickrRecentPhotosTVC.h */,
				D51778B515C52C1A002266B1 /* RbFlickrRecentPhotosTVC.m */,
				D51778B115C52B09002266B1 /* RbFlickrTopPlacesTVC.h */,
				D51778B215C52B09002266B1 /* RbFlickrTopPlacesTVC.m */,
				D51778AD15C52791002266B1 /* FlickrAPIKey.h */,
				D51778AE15C52791002266B1 /* FlickrFetcher.h */,
				D51778AF15C52791002266B1 /* FlickrFetcher.m */,
				D517787815C526DA002266B1 /* RbFlickrAppDelegate.h */,
				D517787915C526DA002266B1 /* RbFlickrAppDelegate.m */,
				D51778AC15C526E9002266B1 /* Resources */,
				D517787015C526DA002266B1 /* Supporting Files */,
			);
			path = CS193PFlickrTopPlaces;
			sourceTree = "<group>";
		};
		D517787015C526DA002266B1 /* Supporting Files */ = {
			isa = PBXGroup;
			children = (
				D517787115C526DA002266B1 /* CS193PFlickrTopPlaces-Info.plist */,
				D517787215C526DA002266B1 /* InfoPlist.strings */,
				D517787515C526DA002266B1 /* main.m */,
				D517787715C526DA002266B1 /* CS193PFlickrTopPlaces-Prefix.pch */,
			);
			name = "Supporting Files";
			sourceTree = "<group>";
		};
		D517789B15C526DB002266B1 /* CS193PFlickrTopPlacesTests */ = {
			isa = PBXGroup;
			children = (
				D51778A115C526DB002266B1 /* CS193PFlickrTopPlacesTests.h */,
				D51778A215C526DB002266B1 /* CS193PFlickrTopPlacesTests.m */,
				D517789C15C526DB002266B1 /* Supporting Files */,
			);
			path = CS193PFlickrTopPlacesTests;
			sourceTree = "<group>";
		};
		D517789C15C526DB002266B1 /* Supporting Files */ = {
			isa = PBXGroup;
			children = (
				D517789D15C526DB002266B1 /* CS193PFlickrTopPlacesTests-Info.plist */,
				D517789E15C526DB002266B1 /* InfoPlist.strings */,
			);
			name = "Supporting Files";
			sourceTree = "<group>";
		};
		D51778AC15C526E9002266B1 /* Resources */ = {
			isa = PBXGroup;
			children = (
				D517788415C526DA002266B1 /* first.png */,
				D517788615C526DA002266B1 /* first@2x.png */,
				D517788B15C526DA002266B1 /* second.png */,
				D517788D15C526DA002266B1 /* second@2x.png */,
				D517787B15C526DA002266B1 /* MainStoryboard_iPhone.storyboard */,
				D517787E15C526DA002266B1 /* MainStoryboard_iPad.storyboard */,
			);
			name = Resources;
			sourceTree = "<group>";
		};
/* End PBXGroup section */

/* Begin PBXNativeTarget section */
		D517786415C526DA002266B1 /* CS193PFlickrTopPlaces */ = {
			isa = PBXNativeTarget;
			buildConfigurationList = D51778A615C526DB002266B1 /* Build configuration list for PBXNativeTarget "CS193PFlickrTopPlaces" */;
			buildPhases = (
				D517786115C526DA002266B1 /* Sources */,
				D517786215C526DA002266B1 /* Frameworks */,
				D517786315C526DA002266B1 /* Resources */,
			);
			buildRules = (
			);
			dependencies = (
			);
			name = CS193PFlickrTopPlaces;
			productName = CS193PFlickrTopPlaces;
			productReference = D517786515C526DA002266B1 /* CS193PFlickrTopPlaces.app */;
			productType = "com.apple.product-type.application";
		};
		D517789315C526DB002266B1 /* CS193PFlickrTopPlacesTests */ = {
			isa = PBXNativeTarget;
			buildConfigurationList = D51778A915C526DB002266B1 /* Build configuration list for PBXNativeTarget "CS193PFlickrTopPlacesTests" */;
			buildPhases = (
				D517788F15C526DB002266B1 /* Sources */,
				D517789015C526DB002266B1 /* Frameworks */,
				D517789115C526DB002266B1 /* Resources */,
				D517789215C526DB002266B1 /* ShellScript */,
			);
			buildRules = (
			);
			dependencies = (
				D517789A15C526DB002266B1 /* PBXTargetDependency */,
			);
			name = CS193PFlickrTopPlacesTests;
			productName = CS193PFlickrTopPlacesTests;
			productReference = D517789415C526DB002266B1 /* CS193PFlickrTopPlacesTests.octest */;
			productType = "com.apple.product-type.bundle";
		};
/* End PBXNativeTarget section */

/* Begin PBXProject section */
		D517785C15C526DA002266B1 /* Project object */ = {
			isa = PBXProject;
			attributes = {
				CLASSPREFIX = RbFlickr;
				LastUpgradeCheck = 0440;
				ORGANIZATIONNAME = "Rainer Burgstaller";
			};
			buildConfigurationList = D517785F15C526DA002266B1 /* Build configuration list for PBXProject "CS193PFlickrTopPlaces" */;
			compatibilityVersion = "Xcode 3.2";
			developmentRegion = English;
			hasScannedForEncodings = 0;
			knownRegions = (
				en,
			);
			mainGroup = D517785A15C526DA002266B1;
			productRefGroup = D517786615C526DA002266B1 /* Products */;
			projectDirPath = "";
			projectRoot = "";
			targets = (
				D517786415C526DA002266B1 /* CS193PFlickrTopPlaces */,
				D517789315C526DB002266B1 /* CS193PFlickrTopPlacesTests */,
			);
		};
/* End PBXProject section */

/* Begin PBXResourcesBuildPhase section */
		D517786315C526DA002266B1 /* Resources */ = {
			isa = PBXResourcesBuildPhase;
			buildActionMask = 2147483647;
			files = (
				D517787415C526DA002266B1 /* InfoPlist.strings in Resources */,
				D517787D15C526DA002266B1 /* MainStoryboard_iPhone.storyboard in Resources */,
				D517788015C526DA002266B1 /* MainStoryboard_iPad.storyboard in Resources */,
				D517788515C526DA002266B1 /* first.png in Resources */,
				D517788715C526DA002266B1 /* first@2x.png in Resources */,
				D517788C15C526DA002266B1 /* second.png in Resources */,
				D517788E15C526DA002266B1 /* second@2x.png in Resources */,
			);
			runOnlyForDeploymentPostprocessing = 0;
		};
		D517789115C526DB002266B1 /* Resources */ = {
			isa = PBXResourcesBuildPhase;
			buildActionMask = 2147483647;
			files = (
				D51778A015C526DB002266B1 /* InfoPlist.strings in Resources */,
			);
			runOnlyForDeploymentPostprocessing = 0;
		};
/* End PBXResourcesBuildPhase section */

/* Begin PBXShellScriptBuildPhase section */
		D517789215C526DB002266B1 /* ShellScript */ = {
			isa = PBXShellScriptBuildPhase;
			buildActionMask = 2147483647;
			files = (
			);
			inputPaths = (
			);
			outputPaths = (
			);
			runOnlyForDeploymentPostprocessing = 0;
			shellPath = /bin/sh;
			shellScript = "# Run the unit tests in this test bundle.\n\"${SYSTEM_DEVELOPER_DIR}/Tools/RunUnitTests\"\n";
		};
/* End PBXShellScriptBuildPhase section */

/* Begin PBXSourcesBuildPhase section */
		D517786115C526DA002266B1 /* Sources */ = {
			isa = PBXSourcesBuildPhase;
			buildActionMask = 2147483647;
			files = (
				D517787615C526DA002266B1 /* main.m in Sources */,
				D517787A15C526DA002266B1 /* RbFlickrAppDelegate.m in Sources */,
				D51778B015C52791002266B1 /* FlickrFetcher.m in Sources */,
				D51778B315C52B09002266B1 /* RbFlickrTopPlacesTVC.m in Sources */,
				D51778B615C52C1A002266B1 /* RbFlickrRecentPhotosTVC.m in Sources */,
			);
			runOnlyForDeploymentPostprocessing = 0;
		};
		D517788F15C526DB002266B1 /* Sources */ = {
			isa = PBXSourcesBuildPhase;
			buildActionMask = 2147483647;
			files = (
				D51778A315C526DB002266B1 /* CS193PFlickrTopPlacesTests.m in Sources */,
			);
			runOnlyForDeploymentPostprocessing = 0;
		};
/* End PBXSourcesBuildPhase section */

/* Begin PBXTargetDependency section */
		D517789A15C526DB002266B1 /* PBXTargetDependency */ = {
			isa = PBXTargetDependency;
			target = D517786415C526DA002266B1 /* CS193PFlickrTopPlaces */;
			targetProxy = D517789915C526DB002266B1 /* PBXContainerItemProxy */;
		};
/* End PBXTargetDependency section */

/* Begin PBXVariantGroup section */
		D517787215C526DA002266B1 /* InfoPlist.strings */ = {
			isa = PBXVariantGroup;
			children = (
				D517787315C526DA002266B1 /* en */,
			);
			name = InfoPlist.strings;
			sourceTree = "<group>";
		};
		D517787B15C526DA002266B1 /* MainStoryboard_iPhone.storyboard */ = {
			isa = PBXVariantGroup;
			children = (
				D517787C15C526DA002266B1 /* en */,
			);
			name = MainStoryboard_iPhone.storyboard;
			sourceTree = "<group>";
		};
		D517787E15C526DA002266B1 /* MainStoryboard_iPad.storyboard */ = {
			isa = PBXVariantGroup;
			children = (
				D517787F15C526DA002266B1 /* en */,
			);
			name = MainStoryboard_iPad.storyboard;
			sourceTree = "<group>";
		};
		D517789E15C526DB002266B1 /* InfoPlist.strings */ = {
			isa = PBXVariantGroup;
			children = (
				D517789F15C526DB002266B1 /* en */,
			);
			name = InfoPlist.strings;
			sourceTree = "<group>";
		};
/* End PBXVariantGroup section */

/* Begin XCBuildConfiguration section */
		D51778A415C526DB002266B1 /* Debug */ = {
			isa = XCBuildConfiguration;
			buildSettings = {
				ALWAYS_SEARCH_USER_PATHS = NO;
				ARCHS = "$(ARCHS_STANDARD_32_BIT)";
				CLANG_CXX_LANGUAGE_STANDARD = "gnu++0x";
				CLANG_ENABLE_OBJC_ARC = YES;
				CLANG_WARN__DUPLICATE_METHOD_MATCH = YES;
				"CODE_SIGN_IDENTITY[sdk=iphoneos*]" = "iPhone Developer";
				COPY_PHASE_STRIP = NO;
				GCC_C_LANGUAGE_STANDARD = gnu99;
				GCC_DYNAMIC_NO_PIC = NO;
				GCC_OPTIMIZATION_LEVEL = 0;
				GCC_PREPROCESSOR_DEFINITIONS = (
					"DEBUG=1",
					"$(inherited)",
				);
				GCC_SYMBOLS_PRIVATE_EXTERN = NO;
				GCC_VERSION = com.apple.compilers.llvm.clang.1_0;
				GCC_WARN_ABOUT_RETURN_TYPE = YES;
				GCC_WARN_UNINITIALIZED_AUTOS = YES;
				GCC_WARN_UNUSED_VARIABLE = YES;
				IPHONEOS_DEPLOYMENT_TARGET = 5.1;
				SDKROOT = iphoneos;
				TARGETED_DEVICE_FAMILY = "1,2";
			};
			name = Debug;
		};
		D51778A515C526DB002266B1 /* Release */ = {
			isa = XCBuildConfiguration;
			buildSettings = {
				ALWAYS_SEARCH_USER_PATHS = NO;
				ARCHS = "$(ARCHS_STANDARD_32_BIT)";
				CLANG_CXX_LANGUAGE_STANDARD = "gnu++0x";
				CLANG_ENABLE_OBJC_ARC = YES;
				CLANG_WARN__DUPLICATE_METHOD_MATCH = YES;
				"CODE_SIGN_IDENTITY[sdk=iphoneos*]" = "iPhone Developer";
				COPY_PHASE_STRIP = YES;
				GCC_C_LANGUAGE_STANDARD = gnu99;
				GCC_VERSION = com.apple.compilers.llvm.clang.1_0;
				GCC_WARN_ABOUT_RETURN_TYPE = YES;
				GCC_WARN_UNINITIALIZED_AUTOS = YES;
				GCC_WARN_UNUSED_VARIABLE = YES;
				IPHONEOS_DEPLOYMENT_TARGET = 5.1;
				OTHER_CFLAGS = "-DNS_BLOCK_ASSERTIONS=1";
				SDKROOT = iphoneos;
				TARGETED_DEVICE_FAMILY = "1,2";
				VALIDATE_PRODUCT = YES;
			};
			name = Release;
		};
		D51778A715C526DB002266B1 /* Debug */ = {
			isa = XCBuildConfiguration;
			buildSettings = {
				GCC_PRECOMPILE_PREFIX_HEADER = YES;
				GCC_PREFIX_HEADER = "CS193PFlickrTopPlaces/CS193PFlickrTopPlaces-Prefix.pch";
				INFOPLIST_FILE = "CS193PFlickrTopPlaces/CS193PFlickrTopPlaces-Info.plist";
				PRODUCT_NAME = "$(TARGET_NAME)";
				WRAPPER_EXTENSION = app;
			};
			name = Debug;
		};
		D51778A815C526DB002266B1 /* Release */ = {
			isa = XCBuildConfiguration;
			buildSettings = {
				GCC_PRECOMPILE_PREFIX_HEADER = YES;
				GCC_PREFIX_HEADER = "CS193PFlickrTopPlaces/CS193PFlickrTopPlaces-Prefix.pch";
				INFOPLIST_FILE = "CS193PFlickrTopPlaces/CS193PFlickrTopPlaces-Info.plist";
				PRODUCT_NAME = "$(TARGET_NAME)";
				WRAPPER_EXTENSION = app;
			};
			name = Release;
		};
		D51778AA15C526DB002266B1 /* Debug */ = {
			isa = XCBuildConfiguration;
			buildSettings = {
				BUNDLE_LOADER = "$(BUILT_PRODUCTS_DIR)/CS193PFlickrTopPlaces.app/CS193PFlickrTopPlaces";
				FRAMEWORK_SEARCH_PATHS = (
					"\"$(SDKROOT)/Developer/Library/Frameworks\"",
					"\"$(DEVELOPER_LIBRARY_DIR)/Frameworks\"",
				);
				GCC_PRECOMPILE_PREFIX_HEADER = YES;
				GCC_PREFIX_HEADER = "CS193PFlickrTopPlaces/CS193PFlickrTopPlaces-Prefix.pch";
				INFOPLIST_FILE = "CS193PFlickrTopPlacesTests/CS193PFlickrTopPlacesTests-Info.plist";
				PRODUCT_NAME = "$(TARGET_NAME)";
				TEST_HOST = "$(BUNDLE_LOADER)";
				WRAPPER_EXTENSION = octest;
			};
			name = Debug;
		};
		D51778AB15C526DB002266B1 /* Release */ = {
			isa = XCBuildConfiguration;
			buildSettings = {
				BUNDLE_LOADER = "$(BUILT_PRODUCTS_DIR)/CS193PFlickrTopPlaces.app/CS193PFlickrTopPlaces";
				FRAMEWORK_SEARCH_PATHS = (
					"\"$(SDKROOT)/Developer/Library/Frameworks\"",
					"\"$(DEVELOPER_LIBRARY_DIR)/Frameworks\"",
				);
				GCC_PRECOMPILE_PREFIX_HEADER = YES;
				GCC_PREFIX_HEADER = "CS193PFlickrTopPlaces/CS193PFlickrTopPlaces-Prefix.pch";
				INFOPLIST_FILE = "CS193PFlickrTopPlacesTests/CS193PFlickrTopPlacesTests-Info.plist";
				PRODUCT_NAME = "$(TARGET_NAME)";
				TEST_HOST = "$(BUNDLE_LOADER)";
				WRAPPER_EXTENSION = octest;
			};
			name = Release;
		};
/* End XCBuildConfiguration section */

/* Begin XCConfigurationList section */
		D517785F15C526DA002266B1 /* Build configuration list for PBXProject "CS193PFlickrTopPlaces" */ = {
			isa = XCConfigurationList;
			buildConfigurations = (
				D51778A415C526DB002266B1 /* Debug */,
				D51778A515C526DB002266B1 /* Release */,
			);
			defaultConfigurationIsVisible = 0;
			defaultConfigurationName = Release;
		};
		D51778A615C526DB002266B1 /* Build configuration list for PBXNativeTarget "CS193PFlickrTopPlaces" */ = {
			isa = XCConfigurationList;
			buildConfigurations = (
				D51778A715C526DB002266B1 /* Debug */,
				D51778A815C526DB002266B1 /* Release */,
			);
			defaultConfigurationIsVisible = 0;
		};
		D51778A915C526DB002266B1 /* Build configuration list for PBXNativeTarget "CS193PFlickrTopPlacesTests" */ = {
			isa = XCConfigurationList;
			buildConfigurations = (
				D51778AA15C526DB002266B1 /* Debug */,
				D51778AB15C526DB002266B1 /* Release */,
			);
			defaultConfigurationIsVisible = 0;
		};
/* End XCConfigurationList section */
	};
	rootObject = D517785C15C526DA002266B1 /* Project object */;
}
